
Microsoft Visual Studio Solution File, Format Version 12.00
# Visual Studio Version 17
VisualStudioVersion = 17.10.35013.160
MinimumVisualStudioVersion = 10.0.40219.1
Project("{9A19103F-16F7-4668-BE54-9A1E7A4F7556}") = "VisioDB Viewer", "VisioDB Viewer.csproj", "{C220543A-77F8-4BC1-A69F-CA9F96BFFCAF}"
EndProject
Project("{F184B08F-C81C-45F6-A57F-5ABD9991F28F}") = "Tools", "..\..\Bibliotheken\Basis\Tools\Tools.vbproj", "{357278AC-F77F-432B-89FE-ACB076747AB8}"
EndProject
Project("{F184B08F-C81C-45F6-A57F-5ABD9991F28F}") = "Georg", "..\..\Bibliotheken\Basis\Georg\Georg.vbproj", "{A92DF477-F3EB-484D-BD50-3114EE986114}"
EndProject
Project("{FAE04EC0-301F-11D3-BF4B-00C04F79EFBC}") = "SDO", "..\..\Bibliotheken\Basis\SDO\SDO.csproj", "{0480FE52-D075-4FEB-AF8F-3EC71874EBF3}"
EndProject
Project("{F184B08F-C81C-45F6-A57F-5ABD9991F28F}") = "DB", "..\..\Bibliotheken\Basis\DB\DB.vbproj", "{15C4DDF0-F001-4A96-86C6-31EE044509EA}"
EndProject
Global
	GlobalSection(SolutionConfigurationPlatforms) = preSolution
		Debug|Any CPU = Debug|Any CPU
		Release_DBE|Any CPU = Release_DBE|Any CPU
		Release|Any CPU = Release|Any CPU
	EndGlobalSection
	GlobalSection(ProjectConfigurationPlatforms) = postSolution
		{C220543A-77F8-4BC1-A69F-CA9F96BFFCAF}.Debug|Any CPU.ActiveCfg = Debug|Any CPU
		{C220543A-77F8-4BC1-A69F-CA9F96BFFCAF}.Debug|Any CPU.Build.0 = Debug|Any CPU
		{C220543A-77F8-4BC1-A69F-CA9F96BFFCAF}.Release_DBE|Any CPU.ActiveCfg = Release|Any CPU
		{C220543A-77F8-4BC1-A69F-CA9F96BFFCAF}.Release_DBE|Any CPU.Build.0 = Release|Any CPU
		{C220543A-77F8-4BC1-A69F-CA9F96BFFCAF}.Release|Any CPU.ActiveCfg = Release|Any CPU
		{C220543A-77F8-4BC1-A69F-CA9F96BFFCAF}.Release|Any CPU.Build.0 = Release|Any CPU
		{357278AC-F77F-432B-89FE-ACB076747AB8}.Debug|Any CPU.ActiveCfg = Debug|Any CPU
		{357278AC-F77F-432B-89FE-ACB076747AB8}.Debug|Any CPU.Build.0 = Debug|Any CPU
		{357278AC-F77F-432B-89FE-ACB076747AB8}.Release_DBE|Any CPU.ActiveCfg = Release_DBE|Any CPU
		{357278AC-F77F-432B-89FE-ACB076747AB8}.Release_DBE|Any CPU.Build.0 = Release_DBE|Any CPU
		{357278AC-F77F-432B-89FE-ACB076747AB8}.Release|Any CPU.ActiveCfg = Release|Any CPU
		{357278AC-F77F-432B-89FE-ACB076747AB8}.Release|Any CPU.Build.0 = Release|Any CPU
		{A92DF477-F3EB-484D-BD50-3114EE986114}.Debug|Any CPU.ActiveCfg = Debug|Any CPU
		{A92DF477-F3EB-484D-BD50-3114EE986114}.Debug|Any CPU.Build.0 = Debug|Any CPU
		{A92DF477-F3EB-484D-BD50-3114EE986114}.Release_DBE|Any CPU.ActiveCfg = Release_DBE|Any CPU
		{A92DF477-F3EB-484D-BD50-3114EE986114}.Release_DBE|Any CPU.Build.0 = Release_DBE|Any CPU
		{A92DF477-F3EB-484D-BD50-3114EE986114}.Release|Any CPU.ActiveCfg = Release|Any CPU
		{A92DF477-F3EB-484D-BD50-3114EE986114}.Release|Any CPU.Build.0 = Release|Any CPU
		{0480FE52-D075-4FEB-AF8F-3EC71874EBF3}.Debug|Any CPU.ActiveCfg = Debug|Any CPU
		{0480FE52-D075-4FEB-AF8F-3EC71874EBF3}.Debug|Any CPU.Build.0 = Debug|Any CPU
		{0480FE52-D075-4FEB-AF8F-3EC71874EBF3}.Release_DBE|Any CPU.ActiveCfg = Release_DBE|Any CPU
		{0480FE52-D075-4FEB-AF8F-3EC71874EBF3}.Release_DBE|Any CPU.Build.0 = Release_DBE|Any CPU
		{0480FE52-D075-4FEB-AF8F-3EC71874EBF3}.Release|Any CPU.ActiveCfg = Release|Any CPU
		{0480FE52-D075-4FEB-AF8F-3EC71874EBF3}.Release|Any CPU.Build.0 = Release|Any CPU
		{15C4DDF0-F001-4A96-86C6-31EE044509EA}.Debug|Any CPU.ActiveCfg = Debug|Any CPU
		{15C4DDF0-F001-4A96-86C6-31EE044509EA}.Debug|Any CPU.Build.0 = Debug|Any CPU
		{15C4DDF0-F001-4A96-86C6-31EE044509EA}.Release_DBE|Any CPU.ActiveCfg = Release_DBE|Any CPU
		{15C4DDF0-F001-4A96-86C6-31EE044509EA}.Release_DBE|Any CPU.Build.0 = Release_DBE|Any CPU
		{15C4DDF0-F001-4A96-86C6-31EE044509EA}.Release|Any CPU.ActiveCfg = Release|Any CPU
		{15C4DDF0-F001-4A96-86C6-31EE044509EA}.Release|Any CPU.Build.0 = Release|Any CPU
	EndGlobalSection
	GlobalSection(SolutionProperties) = preSolution
		HideSolutionNode = FALSE
	EndGlobalSection
	GlobalSection(ExtensibilityGlobals) = postSolution
		SolutionGuid = {A308A626-1DDE-437F-A096-34983A8787F1}
	EndGlobalSection
EndGlobal
